
Microsoft Visual Studio Solution File, Format Version 12.00
# Visual Studio Version 17
VisualStudioVersion = 17.6.33801.468
MinimumVisualStudioVersion = 10.0.40219.1
Project("{8BC9CEB8-8B4A-11D0-8D11-00A0C91BC942}") = "GumboExample", "GumboExample\GumboExample.vcxproj", "{8AA981E2-6791-465F-939E-2C10C6D75300}"
	ProjectSection(ProjectDependencies) = postProject
		{AF3149DB-D0DF-48F7-BDAF-8A7571578D4E} = {AF3149DB-D0DF-48F7-BDAF-8A7571578D4E}
	EndProjectSection
EndProject
Project("{8BC9CEB8-8B4A-11D0-8D11-00A0C91BC942}") = "CssParser", "CssParser\CssParser.vcxproj", "{AF3149DB-D0DF-48F7-BDAF-8A7571578D4E}"
EndProject
Project("{8BC9CEB8-8B4A-11D0-8D11-00A0C91BC942}") = "CustomNodeExample", "CustomNodeExample\CustomNodeExample.vcxproj", "{B743A29B-8D56-48D8-945E-F5893711F469}"
	ProjectSection(ProjectDependencies) = postProject
		{AF3149DB-D0DF-48F7-BDAF-8A7571578D4E} = {AF3149DB-D0DF-48F7-BDAF-8A7571578D4E}
	EndProjectSection
EndProject
Global
	GlobalSection(SolutionConfigurationPlatforms) = preSolution
		Debug|x64 = Debug|x64
		Debug|x86 = Debug|x86
		Release|x64 = Release|x64
		Release|x86 = Release|x86
	EndGlobalSection
	GlobalSection(ProjectConfigurationPlatforms) = postSolution
		{8AA981E2-6791-465F-939E-2C10C6D75300}.Debug|x64.ActiveCfg = Debug|x64
		{8AA981E2-6791-465F-939E-2C10C6D75300}.Debug|x64.Build.0 = Debug|x64
		{8AA981E2-6791-465F-939E-2C10C6D75300}.Debug|x86.ActiveCfg = Debug|Win32
		{8AA981E2-6791-465F-939E-2C10C6D75300}.Debug|x86.Build.0 = Debug|Win32
		{8AA981E2-6791-465F-939E-2C10C6D75300}.Release|x64.ActiveCfg = Release|x64
		{8AA981E2-6791-465F-939E-2C10C6D75300}.Release|x64.Build.0 = Release|x64
		{8AA981E2-6791-465F-939E-2C10C6D75300}.Release|x86.ActiveCfg = Release|Win32
		{8AA981E2-6791-465F-939E-2C10C6D75300}.Release|x86.Build.0 = Release|Win32
		{AF3149DB-D0DF-48F7-BDAF-8A7571578D4E}.Debug|x64.ActiveCfg = Debug|x64
		{AF3149DB-D0DF-48F7-BDAF-8A7571578D4E}.Debug|x64.Build.0 = Debug|x64
		{AF3149DB-D0DF-48F7-BDAF-8A7571578D4E}.Debug|x86.ActiveCfg = Debug|Win32
		{AF3149DB-D0DF-48F7-BDAF-8A7571578D4E}.Debug|x86.Build.0 = Debug|Win32
		{AF3149DB-D0DF-48F7-BDAF-8A7571578D4E}.Release|x64.ActiveCfg = Release|x64
		{AF3149DB-D0DF-48F7-BDAF-8A7571578D4E}.Release|x64.Build.0 = Release|x64
		{AF3149DB-D0DF-48F7-BDAF-8A7571578D4E}.Release|x86.ActiveCfg = Release|Win32
		{AF3149DB-D0DF-48F7-BDAF-8A7571578D4E}.Release|x86.Build.0 = Release|Win32
		{B743A29B-8D56-48D8-945E-F5893711F469}.Debug|x64.ActiveCfg = Debug|x64
		{B743A29B-8D56-48D8-945E-F5893711F469}.Debug|x64.Build.0 = Debug|x64
		{B743A29B-8D56-48D8-945E-F5893711F469}.Debug|x86.ActiveCfg = Debug|Win32
		{B743A29B-8D56-48D8-945E-F5893711F469}.Debug|x86.Build.0 = Debug|Win32
		{B743A29B-8D56-48D8-945E-F5893711F469}.Release|x64.ActiveCfg = Release|x64
		{B743A29B-8D56-48D8-945E-F5893711F469}.Release|x64.Build.0 = Release|x64
		{B743A29B-8D56-48D8-945E-F5893711F469}.Release|x86.ActiveCfg = Release|Win32
		{B743A29B-8D56-48D8-945E-F5893711F469}.Release|x86.Build.0 = Release|Win32
	EndGlobalSection
	GlobalSection(SolutionProperties) = preSolution
		HideSolutionNode = FALSE
	EndGlobalSection
	GlobalSection(ExtensibilityGlobals) = postSolution
		SolutionGuid = {6E29B71A-19F4-4AE1-AE9C-0A60B1B4D9E8}
	EndGlobalSection
EndGlobal
